
Microsoft Visual Studio Solution File, Format Version 12.00
# Visual Studio Version 16
VisualStudioVersion = 16.0.28803.352
MinimumVisualStudioVersion = 10.0.40219.1
Project("{2150E333-8FDC-42A3-9474-1A3956D46DE8}") = "Solution Items", "Solution Items", "{B27B19A0-E40E-4D08-B146-9DF08C99B7E5}"
	ProjectSection(SolutionItems) = preProject
		.gitignore = .gitignore
		LICENSE = LICENSE
		README.md = README.md
	EndProjectSection
EndProject
Project("{9A19103F-16F7-4668-BE54-9A1E7A4F7556}") = "Akf.Core", "Akf.Core\Akf.Core.csproj", "{3E524231-7E9A-479D-9D20-9881B11082B1}"
EndProject
Project("{9A19103F-16F7-4668-BE54-9A1E7A4F7556}") = "Akf.Core.Test", "Akf.Core.Test\Akf.Core.Test.csproj", "{F7876CF0-164D-4D5E-B0EB-994228FE89D4}"
EndProject
Project("{FAE04EC0-301F-11D3-BF4B-00C04F79EFBC}") = "Akf.Core.Web", "Akf.Core.Web\Akf.Core.Web.csproj", "{5A131FE6-0FEC-46C4-B9DF-2A00DC403025}"
EndProject
Project("{FAE04EC0-301F-11D3-BF4B-00C04F79EFBC}") = "Akf.Core.Web.Test", "Akf.Core.Web.Test\Akf.Core.Web.Test.csproj", "{179AC875-789C-47E5-91BD-889AB16D7A89}"
EndProject
Global
	GlobalSection(SolutionConfigurationPlatforms) = preSolution
		Debug|Any CPU = Debug|Any CPU
		Release|Any CPU = Release|Any CPU
	EndGlobalSection
	GlobalSection(ProjectConfigurationPlatforms) = postSolution
		{3E524231-7E9A-479D-9D20-9881B11082B1}.Debug|Any CPU.ActiveCfg = Debug|Any CPU
		{3E524231-7E9A-479D-9D20-9881B11082B1}.Debug|Any CPU.Build.0 = Debug|Any CPU
		{3E524231-7E9A-479D-9D20-9881B11082B1}.Release|Any CPU.ActiveCfg = Release|Any CPU
		{3E524231-7E9A-479D-9D20-9881B11082B1}.Release|Any CPU.Build.0 = Release|Any CPU
		{F7876CF0-164D-4D5E-B0EB-994228FE89D4}.Debug|Any CPU.ActiveCfg = Debug|Any CPU
		{F7876CF0-164D-4D5E-B0EB-994228FE89D4}.Debug|Any CPU.Build.0 = Debug|Any CPU
		{F7876CF0-164D-4D5E-B0EB-994228FE89D4}.Release|Any CPU.ActiveCfg = Release|Any CPU
		{F7876CF0-164D-4D5E-B0EB-994228FE89D4}.Release|Any CPU.Build.0 = Release|Any CPU
		{5A131FE6-0FEC-46C4-B9DF-2A00DC403025}.Debug|Any CPU.ActiveCfg = Debug|Any CPU
		{5A131FE6-0FEC-46C4-B9DF-2A00DC403025}.Debug|Any CPU.Build.0 = Debug|Any CPU
		{5A131FE6-0FEC-46C4-B9DF-2A00DC403025}.Release|Any CPU.ActiveCfg = Release|Any CPU
		{5A131FE6-0FEC-46C4-B9DF-2A00DC403025}.Release|Any CPU.Build.0 = Release|Any CPU
		{179AC875-789C-47E5-91BD-889AB16D7A89}.Debug|Any CPU.ActiveCfg = Debug|Any CPU
		{179AC875-789C-47E5-91BD-889AB16D7A89}.Debug|Any CPU.Build.0 = Debug|Any CPU
		{179AC875-789C-47E5-91BD-889AB16D7A89}.Release|Any CPU.ActiveCfg = Release|Any CPU
		{179AC875-789C-47E5-91BD-889AB16D7A89}.Release|Any CPU.Build.0 = Release|Any CPU
	EndGlobalSection
	GlobalSection(SolutionProperties) = preSolution
		HideSolutionNode = FALSE
	EndGlobalSection
	GlobalSection(ExtensibilityGlobals) = postSolution
		SolutionGuid = {2A11FFD0-F64B-4F9E-95F5-A531CEB72EB8}
	EndGlobalSection
EndGlobal
